
Microsoft Visual Studio Solution File, Format Version 12.00
# Visual Studio Version 17
VisualStudioVersion = 17.3.32901.215
MinimumVisualStudioVersion = 10.0.40219.1
Project("{2150E333-8FDC-42A3-9474-1A3956D46DE8}") = "Solution Items", "Solution Items", "{C0D4FACE-997D-4159-9A7F-68A9563A1C23}"
	ProjectSection(SolutionItems) = preProject
		HTMLPage1 - Lists.html = HTMLPage1 - Lists.html
		index.html = index.html
	EndProjectSection
EndProject
Global
	GlobalSection(SolutionProperties) = preSolution
		HideSolutionNode = FALSE
	EndGlobalSection
	GlobalSection(ExtensibilityGlobals) = postSolution
		SolutionGuid = {7E4DECD9-367F-45FA-888C-6095973694D8}
	EndGlobalSection
EndGlobal
